// !$*UTF8*$!
{
	archiveVersion = 1;
	classes = {
	};
	objectVersion = 46;
	objects = {

/* Begin PBXBuildFile section */
		0A33D4AD13DF092700863474 /* Cocoa.framework in Frameworks */ = {isa = PBXBuildFile; fileRef = 0A33D4AC13DF092700863474 /* Cocoa.framework */; };
		0A33D4B713DF092700863474 /* InfoPlist.strings in Resources */ = {isa = PBXBuildFile; fileRef = 0A33D4B513DF092700863474 /* InfoPlist.strings */; };
		0A33D4B913DF092700863474 /* main.m in Sources */ = {isa = PBXBuildFile; fileRef = 0A33D4B813DF092700863474 /* main.m */; };
		0A33D4BD13DF092700863474 /* Credits.rtf in Resources */ = {isa = PBXBuildFile; fileRef = 0A33D4BB13DF092700863474 /* Credits.rtf */; };
		0A33D4C013DF092800863474 /* EasyCSV2SQLiteAppDelegate.m in Sources */ = {isa = PBXBuildFile; fileRef = 0A33D4BF13DF092800863474 /* EasyCSV2SQLiteAppDelegate.m */; };
		0A33D4C313DF092800863474 /* MainMenu.xib in Resources */ = {isa = PBXBuildFile; fileRef = 0A33D4C113DF092800863474 /* MainMenu.xib */; };
		0AD725DD13DF14CC00EB8D52 /* DDFileReader.m in Sources */ = {isa = PBXBuildFile; fileRef = 0AD725DC13DF14CC00EB8D52 /* DDFileReader.m */; };
		0AD725E013DF18E500EB8D52 /* libsqlite3.0.dylib in Frameworks */ = {isa = PBXBuildFile; fileRef = 0AD725DF13DF18E500EB8D52 /* libsqlite3.0.dylib */; };
/* End PBXBuildFile section */

/* Begin PBXFileReference section */
		0A33D4A813DF092700863474 /* EasyCSV2SQLite.app */ = {isa = PBXFileReference; explicitFileType = wrapper.application; includeInIndex = 0; path = EasyCSV2SQLite.app; sourceTree = BUILT_PRODUCTS_DIR; };
		0A33D4AC13DF092700863474 /* Cocoa.framework */ = {isa = PBXFileReference; lastKnownFileType = wrapper.framework; name = Cocoa.framework; path = System/Library/Frameworks/Cocoa.framework; sourceTree = SDKROOT; };
		0A33D4AF13DF092700863474 /* AppKit.framework */ = {isa = PBXFileReference; lastKnownFileType = wrapper.framework; name = AppKit.framework; path = System/Library/Frameworks/AppKit.framework; sourceTree = SDKROOT; };
		0A33D4B013DF092700863474 /* CoreData.framework */ = {isa = PBXFileReference; lastKnownFileType = wrapper.framework; name = CoreData.framework; path = System/Library/Frameworks/CoreData.framework; sourceTree = SDKROOT; };
		0A33D4B113DF092700863474 /* Foundation.framework */ = {isa = PBXFileReference; lastKnownFileType = wrapper.framework; name = Foundation.framework; path = System/Library/Frameworks/Foundation.framework; sourceTree = SDKROOT; };
		0A33D4B413DF092700863474 /* EasyCSV2SQLite-Info.plist */ = {isa = PBXFileReference; lastKnownFileType = text.plist.xml; path = "EasyCSV2SQLite-Info.plist"; sourceTree = "<group>"; };
		0A33D4B613DF092700863474 /* en */ = {isa = PBXFileReference; lastKnownFileType = text.plist.strings; name = en; path = en.lproj/InfoPlist.strings; sourceTree = "<group>"; };
		0A33D4B813DF092700863474 /* main.m */ = {isa = PBXFileReference; lastKnownFileType = sourcecode.c.objc; path = main.m; sourceTree = "<group>"; };
		0A33D4BA13DF092700863474 /* EasyCSV2SQLite-Prefix.pch */ = {isa = PBXFileReference; lastKnownFileType = sourcecode.c.h; path = "EasyCSV2SQLite-Prefix.pch"; sourceTree = "<group>"; };
		0A33D4BC13DF092700863474 /* en */ = {isa = PBXFileReference; lastKnownFileType = text.rtf; name = en; path = en.lproj/Credits.rtf; sourceTree = "<group>"; };
		0A33D4BE13DF092800863474 /* EasyCSV2SQLiteAppDelegate.h */ = {isa = PBXFileReference; lastKnownFileType = sourcecode.c.h; path = EasyCSV2SQLiteAppDelegate.h; sourceTree = "<group>"; };
		0A33D4BF13DF092800863474 /* EasyCSV2SQLiteAppDelegate.m */ = {isa = PBXFileReference; lastKnownFileType = sourcecode.c.objc; path = EasyCSV2SQLiteAppDelegate.m; sourceTree = "<group>"; };
		0A33D4C213DF092800863474 /* en */ = {isa = PBXFileReference; lastKnownFileType = file.xib; name = en; path = en.lproj/MainMenu.xib; sourceTree = "<group>"; };
		0AD725DB13DF14CC00EB8D52 /* DDFileReader.h */ = {isa = PBXFileReference; fileEncoding = 4; lastKnownFileType = sourcecode.c.h; path = DDFileReader.h; sourceTree = "<group>"; };
		0AD725DC13DF14CC00EB8D52 /* DDFileReader.m */ = {isa = PBXFileReference; fileEncoding = 4; lastKnownFileType = sourcecode.c.objc; path = DDFileReader.m; sourceTree = "<group>"; };
		0AD725DF13DF18E500EB8D52 /* libsqlite3.0.dylib */ = {isa = PBXFileReference; lastKnownFileType = "compiled.mach-o.dylib"; name = libsqlite3.0.dylib; path = usr/lib/libsqlite3.0.dylib; sourceTree = SDKROOT; };
/* End PBXFileReference section */

/* Begin PBXFrameworksBuildPhase section */
		0A33D4A513DF092700863474 /* Frameworks */ = {
			isa = PBXFrameworksBuildPhase;
			buildActionMask = 2147483647;
			files = (
				0AD725E013DF18E500EB8D52 /* libsqlite3.0.dylib in Frameworks */,
				0A33D4AD13DF092700863474 /* Cocoa.framework in Frameworks */,
			);
			runOnlyForDeploymentPostprocessing = 0;
		};
/* End PBXFrameworksBuildPhase section */

/* Begin PBXGroup section */
		0A33D49D13DF092700863474 = {
			isa = PBXGroup;
			children = (
				0AD725DF13DF18E500EB8D52 /* libsqlite3.0.dylib */,
				0A33D4B213DF092700863474 /* EasyCSV2SQLite */,
				0A33D4AB13DF092700863474 /* Frameworks */,
				0A33D4A913DF092700863474 /* Products */,
			);
			sourceTree = "<group>";
		};
		0A33D4A913DF092700863474 /* Products */ = {
			isa = PBXGroup;
			children = (
				0A33D4A813DF092700863474 /* EasyCSV2SQLite.app */,
			);
			name = Products;
			sourceTree = "<group>";
		};
		0A33D4AB13DF092700863474 /* Frameworks */ = {
			isa = PBXGroup;
			children = (
				0A33D4AC13DF092700863474 /* Cocoa.framework */,
				0A33D4AE13DF092700863474 /* Other Frameworks */,
			);
			name = Frameworks;
			sourceTree = "<group>";
		};
		0A33D4AE13DF092700863474 /* Other Frameworks */ = {
			isa = PBXGroup;
			children = (
				0A33D4AF13DF092700863474 /* AppKit.framework */,
				0A33D4B013DF092700863474 /* CoreData.framework */,
				0A33D4B113DF092700863474 /* Foundation.framework */,
			);
			name = "Other Frameworks";
			sourceTree = "<group>";
		};
		0A33D4B213DF092700863474 /* EasyCSV2SQLite */ = {
			isa = PBXGroup;
			children = (
				0A33D4BE13DF092800863474 /* EasyCSV2SQLiteAppDelegate.h */,
				0A33D4BF13DF092800863474 /* EasyCSV2SQLiteAppDelegate.m */,
				0A33D4C113DF092800863474 /* MainMenu.xib */,
				0A33D4B313DF092700863474 /* Supporting Files */,
				0AD725DB13DF14CC00EB8D52 /* DDFileReader.h */,
				0AD725DC13DF14CC00EB8D52 /* DDFileReader.m */,
			);
			path = EasyCSV2SQLite;
			sourceTree = "<group>";
		};
		0A33D4B313DF092700863474 /* Supporting Files */ = {
			isa = PBXGroup;
			children = (
				0A33D4B413DF092700863474 /* EasyCSV2SQLite-Info.plist */,
				0A33D4B513DF092700863474 /* InfoPlist.strings */,
				0A33D4B813DF092700863474 /* main.m */,
				0A33D4BA13DF092700863474 /* EasyCSV2SQLite-Prefix.pch */,
				0A33D4BB13DF092700863474 /* Credits.rtf */,
			);
			name = "Supporting Files";
			sourceTree = "<group>";
		};
/* End PBXGroup section */

/* Begin PBXNativeTarget section */
		0A33D4A713DF092700863474 /* EasyCSV2SQLite */ = {
			isa = PBXNativeTarget;
			buildConfigurationList = 0A33D4C613DF092800863474 /* Build configuration list for PBXNativeTarget "EasyCSV2SQLite" */;
			buildPhases = (
				0A33D4A413DF092700863474 /* Sources */,
				0A33D4A513DF092700863474 /* Frameworks */,
				0A33D4A613DF092700863474 /* Resources */,
			);
			buildRules = (
			);
			dependencies = (
			);
			name = EasyCSV2SQLite;
			productName = EasyCSV2SQLite;
			productReference = 0A33D4A813DF092700863474 /* EasyCSV2SQLite.app */;
			productType = "com.apple.product-type.application";
		};
/* End PBXNativeTarget section */

/* Begin PBXProject section */
		0A33D49F13DF092700863474 /* Project object */ = {
			isa = PBXProject;
			attributes = {
				ORGANIZATIONNAME = "Galactic Fractures";
			};
			buildConfigurationList = 0A33D4A213DF092700863474 /* Build configuration list for PBXProject "EasyCSV2SQLite" */;
			compatibilityVersion = "Xcode 3.2";
			developmentRegion = English;
			hasScannedForEncodings = 0;
			knownRegions = (
				en,
			);
			mainGroup = 0A33D49D13DF092700863474;
			productRefGroup = 0A33D4A913DF092700863474 /* Products */;
			projectDirPath = "";
			projectRoot = "";
			targets = (
				0A33D4A713DF092700863474 /* EasyCSV2SQLite */,
			);
		};
/* End PBXProject section */

/* Begin PBXResourcesBuildPhase section */
		0A33D4A613DF092700863474 /* Resources */ = {
			isa = PBXResourcesBuildPhase;
			buildActionMask = 2147483647;
			files = (
				0A33D4B713DF092700863474 /* InfoPlist.strings in Resources */,
				0A33D4BD13DF092700863474 /* Credits.rtf in Resources */,
				0A33D4C313DF092800863474 /* MainMenu.xib in Resources */,
			);
			runOnlyForDeploymentPostprocessing = 0;
		};
/* End PBXResourcesBuildPhase section */

/* Begin PBXSourcesBuildPhase section */
		0A33D4A413DF092700863474 /* Sources */ = {
			isa = PBXSourcesBuildPhase;
			buildActionMask = 2147483647;
			files = (
				0A33D4B913DF092700863474 /* main.m in Sources */,
				0A33D4C013DF092800863474 /* EasyCSV2SQLiteAppDelegate.m in Sources */,
				0AD725DD13DF14CC00EB8D52 /* DDFileReader.m in Sources */,
			);
			runOnlyForDeploymentPostprocessing = 0;
		};
/* End PBXSourcesBuildPhase section */

/* Begin PBXVariantGroup section */
		0A33D4B513DF092700863474 /* InfoPlist.strings */ = {
			isa = PBXVariantGroup;
			children = (
				0A33D4B613DF092700863474 /* en */,
			);
			name = InfoPlist.strings;
			sourceTree = "<group>";
		};
		0A33D4BB13DF092700863474 /* Credits.rtf */ = {
			isa = PBXVariantGroup;
			children = (
				0A33D4BC13DF092700863474 /* en */,
			);
			name = Credits.rtf;
			sourceTree = "<group>";
		};
		0A33D4C113DF092800863474 /* MainMenu.xib */ = {
			isa = PBXVariantGroup;
			children = (
				0A33D4C213DF092800863474 /* en */,
			);
			name = MainMenu.xib;
			sourceTree = "<group>";
		};
/* End PBXVariantGroup section */

/* Begin XCBuildConfiguration section */
		0A33D4C413DF092800863474 /* Debug */ = {
			isa = XCBuildConfiguration;
			buildSettings = {
				ALWAYS_SEARCH_USER_PATHS = NO;
				ARCHS = "$(ARCHS_STANDARD_64_BIT)";
				COPY_PHASE_STRIP = NO;
				GCC_C_LANGUAGE_STANDARD = gnu99;
				GCC_DYNAMIC_NO_PIC = NO;
				GCC_ENABLE_OBJC_EXCEPTIONS = YES;
				GCC_OPTIMIZATION_LEVEL = 0;
				GCC_PREPROCESSOR_DEFINITIONS = (
					"DEBUG=1",
					"$(inherited)",
				);
				GCC_SYMBOLS_PRIVATE_EXTERN = NO;
				GCC_VERSION = com.apple.compilers.llvm.clang.1_0;
				GCC_WARN_64_TO_32_BIT_CONVERSION = YES;
				GCC_WARN_ABOUT_MISSING_PROTOTYPES = YES;
				GCC_WARN_ABOUT_RETURN_TYPE = YES;
				GCC_WARN_UNUSED_VARIABLE = YES;
				MACOSX_DEPLOYMENT_TARGET = 10.6;
				ONLY_ACTIVE_ARCH = YES;
				SDKROOT = macosx;
			};
			name = Debug;
		};
		0A33D4C513DF092800863474 /* Release */ = {
			isa = XCBuildConfiguration;
			buildSettings = {
				ALWAYS_SEARCH_USER_PATHS = NO;
				ARCHS = "$(ARCHS_STANDARD_64_BIT)";
				COPY_PHASE_STRIP = YES;
				DEBUG_INFORMATION_FORMAT = "dwarf-with-dsym";
				GCC_C_LANGUAGE_STANDARD = gnu99;
				GCC_ENABLE_OBJC_EXCEPTIONS = YES;
				GCC_VERSION = com.apple.compilers.llvm.clang.1_0;
				GCC_WARN_64_TO_32_BIT_CONVERSION = YES;
				GCC_WARN_ABOUT_MISSING_PROTOTYPES = YES;
				GCC_WARN_ABOUT_RETURN_TYPE = YES;
				GCC_WARN_UNUSED_VARIABLE = YES;
				MACOSX_DEPLOYMENT_TARGET = 10.6;
				SDKROOT = macosx;
			};
			name = Release;
		};
		0A33D4C713DF092800863474 /* Debug */ = {
			isa = XCBuildConfiguration;
			buildSettings = {
				GCC_PRECOMPILE_PREFIX_HEADER = YES;
				GCC_PREFIX_HEADER = "EasyCSV2SQLite/EasyCSV2SQLite-Prefix.pch";
				INFOPLIST_FILE = "EasyCSV2SQLite/EasyCSV2SQLite-Info.plist";
				MACOSX_DEPLOYMENT_TARGET = 10.6;
				PRODUCT_NAME = "$(TARGET_NAME)";
				WRAPPER_EXTENSION = app;
			};
			name = Debug;
		};
		0A33D4C813DF092800863474 /* Release */ = {
			isa = XCBuildConfiguration;
			buildSettings = {
				GCC_PRECOMPILE_PREFIX_HEADER = YES;
				GCC_PREFIX_HEADER = "EasyCSV2SQLite/EasyCSV2SQLite-Prefix.pch";
				INFOPLIST_FILE = "EasyCSV2SQLite/EasyCSV2SQLite-Info.plist";
				MACOSX_DEPLOYMENT_TARGET = 10.6;
				PRODUCT_NAME = "$(TARGET_NAME)";
				WRAPPER_EXTENSION = app;
			};
			name = Release;
		};
/* End XCBuildConfiguration section */

/* Begin XCConfigurationList section */
		0A33D4A213DF092700863474 /* Build configuration list for PBXProject "EasyCSV2SQLite" */ = {
			isa = XCConfigurationList;
			buildConfigurations = (
				0A33D4C413DF092800863474 /* Debug */,
				0A33D4C513DF092800863474 /* Release */,
			);
			defaultConfigurationIsVisible = 0;
			defaultConfigurationName = Release;
		};
		0A33D4C613DF092800863474 /* Build configuration list for PBXNativeTarget "EasyCSV2SQLite" */ = {
			isa = XCConfigurationList;
			buildConfigurations = (
				0A33D4C713DF092800863474 /* Debug */,
				0A33D4C813DF092800863474 /* Release */,
			);
			defaultConfigurationIsVisible = 0;
			defaultConfigurationName = Release;
		};
/* End XCConfigurationList section */
	};
	rootObject = 0A33D49F13DF092700863474 /* Project object */;
}
